
Microsoft Visual Studio Solution File, Format Version 12.00
# Visual Studio Version 17
VisualStudioVersion = 17.6.33815.320
MinimumVisualStudioVersion = 10.0.40219.1
Project("{FAE04EC0-301F-11D3-BF4B-00C04F79EFBC}") = "MySQLConsoleAppProject", "MySQLConsoleAppProject\MySQLConsoleAppProject.csproj", "{0439B3AF-9FE7-4239-9A26-14806A18D25A}"
EndProject
Project("{FAE04EC0-301F-11D3-BF4B-00C04F79EFBC}") = "MySQLGUIAppProject", "MySQLGUIAppProject\MySQLGUIAppProject.csproj", "{B87C428A-AF9C-46D1-B00A-E92914CE8EEC}"
EndProject
Global
	GlobalSection(SolutionConfigurationPlatforms) = preSolution
		Debug|Any CPU = Debug|Any CPU
		Release|Any CPU = Release|Any CPU
	EndGlobalSection
	GlobalSection(ProjectConfigurationPlatforms) = postSolution
		{0439B3AF-9FE7-4239-9A26-14806A18D25A}.Debug|Any CPU.ActiveCfg = Debug|Any CPU
		{0439B3AF-9FE7-4239-9A26-14806A18D25A}.Debug|Any CPU.Build.0 = Debug|Any CPU
		{0439B3AF-9FE7-4239-9A26-14806A18D25A}.Release|Any CPU.ActiveCfg = Release|Any CPU
		{0439B3AF-9FE7-4239-9A26-14806A18D25A}.Release|Any CPU.Build.0 = Release|Any CPU
		{B87C428A-AF9C-46D1-B00A-E92914CE8EEC}.Debug|Any CPU.ActiveCfg = Debug|Any CPU
		{B87C428A-AF9C-46D1-B00A-E92914CE8EEC}.Debug|Any CPU.Build.0 = Debug|Any CPU
		{B87C428A-AF9C-46D1-B00A-E92914CE8EEC}.Release|Any CPU.ActiveCfg = Release|Any CPU
		{B87C428A-AF9C-46D1-B00A-E92914CE8EEC}.Release|Any CPU.Build.0 = Release|Any CPU
	EndGlobalSection
	GlobalSection(SolutionProperties) = preSolution
		HideSolutionNode = FALSE
	EndGlobalSection
	GlobalSection(ExtensibilityGlobals) = postSolution
		SolutionGuid = {ED84A928-A82C-48F2-B0CE-36AEEEA38076}
	EndGlobalSection
EndGlobal
